
Microsoft Visual Studio Solution File, Format Version 12.00
# Visual Studio Version 16
VisualStudioVersion = 25.0.1705.0
MinimumVisualStudioVersion = 10.0.40219.1
Project("{FAE04EC0-301F-11D3-BF4B-00C04F79EFBC}") = "TrackerLibrary", "TrackerLibrary\TrackerLibrary.csproj", "{148CC1A5-D1B7-4CFE-9ED4-9E0A04509E0F}"
EndProject
Global
	GlobalSection(SolutionConfigurationPlatforms) = preSolution
		Debug|Any CPU = Debug|Any CPU
		Release|Any CPU = Release|Any CPU
	EndGlobalSection
	GlobalSection(ProjectConfigurationPlatforms) = postSolution
		{148CC1A5-D1B7-4CFE-9ED4-9E0A04509E0F}.Debug|Any CPU.ActiveCfg = Debug|Any CPU
		{148CC1A5-D1B7-4CFE-9ED4-9E0A04509E0F}.Debug|Any CPU.Build.0 = Debug|Any CPU
		{148CC1A5-D1B7-4CFE-9ED4-9E0A04509E0F}.Release|Any CPU.ActiveCfg = Release|Any CPU
		{148CC1A5-D1B7-4CFE-9ED4-9E0A04509E0F}.Release|Any CPU.Build.0 = Release|Any CPU
	EndGlobalSection
	GlobalSection(SolutionProperties) = preSolution
		HideSolutionNode = FALSE
	EndGlobalSection
	GlobalSection(ExtensibilityGlobals) = postSolution
		SolutionGuid = {C7A1B078-AD87-43F2-8D9C-9FDAC8C2F81C}
	EndGlobalSection
EndGlobal
